[[package]]
name = "h5py"
version = "3.1.0"
description = "Read and write HDF5 files from Python"
category = "main"
optional = false
python-versions = ">=3.6"

[package.dependencies]
numpy = {version = ">=1.19.3", markers = "python_version >= \"3.9\""}

[[package]]
name = "numpy"
version = "1.19.4"
description = "NumPy is the fundamental package for array computing with Python."
category = "main"
optional = false
python-versions = ">=3.6"

[[package]]
name = "pandas"
version = "1.1.4"
description = "Powerful data structures for data analysis, time series, and statistics"
category = "main"
optional = false
python-versions = ">=3.6.1"

[package.dependencies]
numpy = ">=1.15.4"
python-dateutil = ">=2.7.3"
pytz = ">=2017.2"

[package.extras]
test = ["pytest (>=4.0.2)", "pytest-xdist", "hypothesis (>=3.58)"]

[[package]]
name = "patsy"
version = "0.5.1"
description = "A Python package for describing statistical models and for building design matrices."
category = "main"
optional = false
python-versions = "*"

[package.dependencies]
numpy = ">=1.4"
six = "*"

[[package]]
name = "pyqt5"
version = "5.15.1"
description = "Python bindings for the Qt cross platform application toolkit"
category = "main"
optional = false
python-versions = ">=3.5"

[package.dependencies]
PyQt5-sip = ">=12.8,<13"

[[package]]
name = "pyqt5-sip"
version = "12.8.1"
description = "The sip module support for PyQt5"
category = "main"
optional = false
python-versions = ">=3.5"

[[package]]
name = "pyqt5-stubs"
version = "5.14.2.2"
description = "PEP561 stub files for the PyQt5 framework"
category = "main"
optional = false
python-versions = "*"

[[package]]
name = "pyqtgraph"
version = "0.11.0"
description = "Scientific Graphics and GUI Library for Python"
category = "main"
optional = false
python-versions = "*"

[package.dependencies]
numpy = ">=1.8.0"

[[package]]
name = "python-dateutil"
version = "2.8.1"
description = "Extensions to the standard Python datetime module"
category = "main"
optional = false
python-versions = "!=3.0.*,!=3.1.*,!=3.2.*,>=2.7"

[package.dependencies]
six = ">=1.5"

[[package]]
name = "pytz"
version = "2020.4"
description = "World timezone definitions, modern and historical"
category = "main"
optional = false
python-versions = "*"

[[package]]
name = "scipy"
version = "1.5.4"
description = "SciPy: Scientific Library for Python"
category = "main"
optional = false
python-versions = ">=3.6"

[package.dependencies]
numpy = ">=1.14.5"

[[package]]
name = "six"
version = "1.15.0"
description = "Python 2 and 3 compatibility utilities"
category = "main"
optional = false
python-versions = ">=2.7, !=3.0.*, !=3.1.*, !=3.2.*"

[[package]]
name = "statsmodels"
version = "0.12.1"
description = "Statistical computations and models for Python"
category = "main"
optional = false
python-versions = ">=3.6"

[package.dependencies]
numpy = ">=1.15"
pandas = ">=0.21"
patsy = ">=0.5"
scipy = ">=1.1"

[package.extras]
build = ["cython (>=0.29)"]
develop = ["cython (>=0.29)"]
docs = ["sphinx", "nbconvert", "jupyter-client", "ipykernel", "matplotlib", "nbformat", "numpydoc", "pandas-datareader"]

[[package]]
name = "termcolor"
version = "1.1.0"
description = "ANSII Color formatting for output in terminal."
category = "main"
optional = false
python-versions = "*"

[metadata]
lock-version = "1.1"
python-versions = "^3.9"
content-hash = "a0144f324e1fb6db50473e6c354a0b0117f0d6f883e2ed9bfcd17be9b0527948"

[metadata.files]
h5py = [
    {file = "h5py-3.1.0-cp36-cp36m-macosx_10_9_x86_64.whl", hash = "sha256:1cd367f89a5441236bdbb795e9fb9a9e3424929c00b4a54254ca760437f83d69"},
    {file = "h5py-3.1.0-cp36-cp36m-manylinux1_x86_64.whl", hash = "sha256:fea05349f63625a8fb808e57e42bb4c76930cf5d50ac58b678c52f913a48a89b"},
    {file = "h5py-3.1.0-cp36-cp36m-win_amd64.whl", hash = "sha256:2e37352ddfcf9d77a2a47f7c8f7e125c6d20cc06c2995edeb7be222d4e152636"},
    {file = "h5py-3.1.0-cp37-cp37m-macosx_10_9_x86_64.whl", hash = "sha256:e33f61d3eb862614c0f273a1f993a64dc2f093e1a3094932c50ada9d2db2170f"},
    {file = "h5py-3.1.0-cp37-cp37m-manylinux1_x86_64.whl", hash = "sha256:236ac8d943be30b617ab615c3d4a4bf4a438add2be87e54af3687ab721a18fac"},
    {file = "h5py-3.1.0-cp37-cp37m-win_amd64.whl", hash = "sha256:02c391fdb980762a1cc03a4bcaecd03dc463994a9a63a02264830114a96e111f"},
    {file = "h5py-3.1.0-cp38-cp38-macosx_10_9_x86_64.whl", hash = "sha256:f89a3dae38843ffa49d17a31a3509a8129e9b46ece602a0138e1ed79e685c361"},
    {file = "h5py-3.1.0-cp38-cp38-manylinux1_x86_64.whl", hash = "sha256:ba71f6229d2013fbb606476ecc29c6223fc16b244d35fcd8566ad9dbaf910857"},
    {file = "h5py-3.1.0-cp38-cp38-win_amd64.whl", hash = "sha256:dccb89358bc84abcd711363c3e138f9f4eccfdf866f2139a8e72308328765b2c"},
    {file = "h5py-3.1.0-cp39-cp39-macosx_10_9_x86_64.whl", hash = "sha256:cb74df83709d6d03d11e60b9480812f58da34f194beafa8c8314dbbeeedfe0a6"},
    {file = "h5py-3.1.0-cp39-cp39-manylinux1_x86_64.whl", hash = "sha256:80c623be10479e81b64fa713b7ed4c0bbe9f02e8e7d2a2e5382336087b615ce4"},
    {file = "h5py-3.1.0-cp39-cp39-win_amd64.whl", hash = "sha256:1cdfd1c5449ca1329d152f0b66830e93226ebce4f5e07dd8dc16bfc2b1a49d7b"},
    {file = "h5py-3.1.0.tar.gz", hash = "sha256:1e2516f190652beedcb8c7acfa1c6fa92d99b42331cbef5e5c7ec2d65b0fc3c2"},
]
numpy = [
    {file = "numpy-1.19.4-cp36-cp36m-macosx_10_9_x86_64.whl", hash = "sha256:e9b30d4bd69498fc0c3fe9db5f62fffbb06b8eb9321f92cc970f2969be5e3949"},
    {file = "numpy-1.19.4-cp36-cp36m-manylinux1_i686.whl", hash = "sha256:fedbd128668ead37f33917820b704784aff695e0019309ad446a6d0b065b57e4"},
    {file = "numpy-1.19.4-cp36-cp36m-manylinux1_x86_64.whl", hash = "sha256:8ece138c3a16db8c1ad38f52eb32be6086cc72f403150a79336eb2045723a1ad"},
    {file = "numpy-1.19.4-cp36-cp36m-manylinux2010_i686.whl", hash = "sha256:64324f64f90a9e4ef732be0928be853eee378fd6a01be21a0a8469c4f2682c83"},
    {file = "numpy-1.19.4-cp36-cp36m-manylinux2010_x86_64.whl", hash = "sha256:ad6f2ff5b1989a4899bf89800a671d71b1612e5ff40866d1f4d8bcf48d4e5764"},
    {file = "numpy-1.19.4-cp36-cp36m-manylinux2014_aarch64.whl", hash = "sha256:d6c7bb82883680e168b55b49c70af29b84b84abb161cbac2800e8fcb6f2109b6"},
    {file = "numpy-1.19.4-cp36-cp36m-win32.whl", hash = "sha256:13d166f77d6dc02c0a73c1101dd87fdf01339febec1030bd810dcd53fff3b0f1"},
    {file = "numpy-1.19.4-cp36-cp36m-win_amd64.whl", hash = "sha256:448ebb1b3bf64c0267d6b09a7cba26b5ae61b6d2dbabff7c91b660c7eccf2bdb"},
    {file = "numpy-1.19.4-cp37-cp37m-macosx_10_9_x86_64.whl", hash = "sha256:27d3f3b9e3406579a8af3a9f262f5339005dd25e0ecf3cf1559ff8a49ed5cbf2"},
    {file = "numpy-1.19.4-cp37-cp37m-manylinux1_i686.whl", hash = "sha256:16c1b388cc31a9baa06d91a19366fb99ddbe1c7b205293ed072211ee5bac1ed2"},
    {file = "numpy-1.19.4-cp37-cp37m-manylinux1_x86_64.whl", hash = "sha256:e5b6ed0f0b42317050c88022349d994fe72bfe35f5908617512cd8c8ef9da2a9"},
    {file = "numpy-1.19.4-cp37-cp37m-manylinux2010_i686.whl", hash = "sha256:18bed2bcb39e3f758296584337966e68d2d5ba6aab7e038688ad53c8f889f757"},
    {file = "numpy-1.19.4-cp37-cp37m-manylinux2010_x86_64.whl", hash = "sha256:fe45becb4c2f72a0907c1d0246ea6449fe7a9e2293bb0e11c4e9a32bb0930a15"},
    {file = "numpy-1.19.4-cp37-cp37m-manylinux2014_aarch64.whl", hash = "sha256:6d7593a705d662be5bfe24111af14763016765f43cb6923ed86223f965f52387"},
    {file = "numpy-1.19.4-cp37-cp37m-win32.whl", hash = "sha256:6ae6c680f3ebf1cf7ad1d7748868b39d9f900836df774c453c11c5440bc15b36"},
    {file = "numpy-1.19.4-cp37-cp37m-win_amd64.whl", hash = "sha256:9eeb7d1d04b117ac0d38719915ae169aa6b61fca227b0b7d198d43728f0c879c"},
    {file = "numpy-1.19.4-cp38-cp38-macosx_10_9_x86_64.whl", hash = "sha256:cb1017eec5257e9ac6209ac172058c430e834d5d2bc21961dceeb79d111e5909"},
    {file = "numpy-1.19.4-cp38-cp38-manylinux1_i686.whl", hash = "sha256:edb01671b3caae1ca00881686003d16c2209e07b7ef8b7639f1867852b948f7c"},
    {file = "numpy-1.19.4-cp38-cp38-manylinux1_x86_64.whl", hash = "sha256:f29454410db6ef8126c83bd3c968d143304633d45dc57b51252afbd79d700893"},
    {file = "numpy-1.19.4-cp38-cp38-manylinux2010_i686.whl", hash = "sha256:ec149b90019852266fec2341ce1db513b843e496d5a8e8cdb5ced1923a92faab"},
    {file = "numpy-1.19.4-cp38-cp38-manylinux2010_x86_64.whl", hash = "sha256:1aeef46a13e51931c0b1cf8ae1168b4a55ecd282e6688fdb0a948cc5a1d5afb9"},
    {file = "numpy-1.19.4-cp38-cp38-manylinux2014_aarch64.whl", hash = "sha256:08308c38e44cc926bdfce99498b21eec1f848d24c302519e64203a8da99a97db"},
    {file = "numpy-1.19.4-cp38-cp38-win32.whl", hash = "sha256:5734bdc0342aba9dfc6f04920988140fb41234db42381cf7ccba64169f9fe7ac"},
    {file = "numpy-1.19.4-cp38-cp38-win_amd64.whl", hash = "sha256:09c12096d843b90eafd01ea1b3307e78ddd47a55855ad402b157b6c4862197ce"},
    {file = "numpy-1.19.4-cp39-cp39-macosx_10_9_x86_64.whl", hash = "sha256:e452dc66e08a4ce642a961f134814258a082832c78c90351b75c41ad16f79f63"},
    {file = "numpy-1.19.4-cp39-cp39-manylinux1_i686.whl", hash = "sha256:a5d897c14513590a85774180be713f692df6fa8ecf6483e561a6d47309566f37"},
    {file = "numpy-1.19.4-cp39-cp39-manylinux1_x86_64.whl", hash = "sha256:a09f98011236a419ee3f49cedc9ef27d7a1651df07810ae430a6b06576e0b414"},
    {file = "numpy-1.19.4-cp39-cp39-manylinux2010_i686.whl", hash = "sha256:50e86c076611212ca62e5a59f518edafe0c0730f7d9195fec718da1a5c2bb1fc"},
    {file = "numpy-1.19.4-cp39-cp39-manylinux2010_x86_64.whl", hash = "sha256:f0d3929fe88ee1c155129ecd82f981b8856c5d97bcb0d5f23e9b4242e79d1de3"},
    {file = "numpy-1.19.4-cp39-cp39-manylinux2014_aarch64.whl", hash = "sha256:c42c4b73121caf0ed6cd795512c9c09c52a7287b04d105d112068c1736d7c753"},
    {file = "numpy-1.19.4-cp39-cp39-win32.whl", hash = "sha256:8cac8790a6b1ddf88640a9267ee67b1aee7a57dfa2d2dd33999d080bc8ee3a0f"},
    {file = "numpy-1.19.4-cp39-cp39-win_amd64.whl", hash = "sha256:4377e10b874e653fe96985c05feed2225c912e328c8a26541f7fc600fb9c637b"},
    {file = "numpy-1.19.4-pp36-pypy36_pp73-manylinux2010_x86_64.whl", hash = "sha256:2a2740aa9733d2e5b2dfb33639d98a64c3b0f24765fed86b0fd2aec07f6a0a08"},
    {file = "numpy-1.19.4.zip", hash = "sha256:141ec3a3300ab89c7f2b0775289954d193cc8edb621ea05f99db9cb181530512"},
]
pandas = [
    {file = "pandas-1.1.4-cp36-cp36m-macosx_10_9_x86_64.whl", hash = "sha256:e2b8557fe6d0a18db4d61c028c6af61bfed44ef90e419ed6fadbdc079eba141e"},
    {file = "pandas-1.1.4-cp36-cp36m-manylinux1_i686.whl", hash = "sha256:3aa8e10768c730cc1b610aca688f588831fa70b65a26cb549fbb9f35049a05e0"},
    {file = "pandas-1.1.4-cp36-cp36m-manylinux1_x86_64.whl", hash = "sha256:185cf8c8f38b169dbf7001e1a88c511f653fbb9dfa3e048f5e19c38049e991dc"},
    {file = "pandas-1.1.4-cp36-cp36m-manylinux2014_aarch64.whl", hash = "sha256:0d9a38a59242a2f6298fff45d09768b78b6eb0c52af5919ea9e45965d7ba56d9"},
    {file = "pandas-1.1.4-cp36-cp36m-win32.whl", hash = "sha256:8b4c2055ebd6e497e5ecc06efa5b8aa76f59d15233356eb10dad22a03b757805"},
    {file = "pandas-1.1.4-cp36-cp36m-win_amd64.whl", hash = "sha256:5dac3aeaac5feb1016e94bde851eb2012d1733a222b8afa788202b836c97dad5"},
    {file = "pandas-1.1.4-cp37-cp37m-macosx_10_9_x86_64.whl", hash = "sha256:6d2b5b58e7df46b2c010ec78d7fb9ab20abf1d306d0614d3432e7478993fbdb0"},
    {file = "pandas-1.1.4-cp37-cp37m-manylinux1_i686.whl", hash = "sha256:c681e8fcc47a767bf868341d8f0d76923733cbdcabd6ec3a3560695c69f14a1e"},
    {file = "pandas-1.1.4-cp37-cp37m-manylinux1_x86_64.whl", hash = "sha256:c5a3597880a7a29a31ebd39b73b2c824316ae63a05c3c8a5ce2aea3fc68afe35"},
    {file = "pandas-1.1.4-cp37-cp37m-manylinux2014_aarch64.whl", hash = "sha256:6613c7815ee0b20222178ad32ec144061cb07e6a746970c9160af1ebe3ad43b4"},
    {file = "pandas-1.1.4-cp37-cp37m-win32.whl", hash = "sha256:43cea38cbcadb900829858884f49745eb1f42f92609d368cabcc674b03e90efc"},
    {file = "pandas-1.1.4-cp37-cp37m-win_amd64.whl", hash = "sha256:5378f58172bd63d8c16dd5d008d7dcdd55bf803fcdbe7da2dcb65dbbf322f05b"},
    {file = "pandas-1.1.4-cp38-cp38-macosx_10_9_x86_64.whl", hash = "sha256:a7d2547b601ecc9a53fd41561de49a43d2231728ad65c7713d6b616cd02ddbed"},
    {file = "pandas-1.1.4-cp38-cp38-manylinux1_i686.whl", hash = "sha256:41746d520f2b50409dffdba29a15c42caa7babae15616bcf80800d8cfcae3d3e"},
    {file = "pandas-1.1.4-cp38-cp38-manylinux1_x86_64.whl", hash = "sha256:a15653480e5b92ee376f8458197a58cca89a6e95d12cccb4c2d933df5cecc63f"},
    {file = "pandas-1.1.4-cp38-cp38-manylinux2014_aarch64.whl", hash = "sha256:5fdb2a61e477ce58d3f1fdf2470ee142d9f0dde4969032edaf0b8f1a9dafeaa2"},
    {file = "pandas-1.1.4-cp38-cp38-win32.whl", hash = "sha256:8a5d7e57b9df2c0a9a202840b2881bb1f7a648eba12dd2d919ac07a33a36a97f"},
    {file = "pandas-1.1.4-cp38-cp38-win_amd64.whl", hash = "sha256:54404abb1cd3f89d01f1fb5350607815326790efb4789be60508f458cdd5ccbf"},
    {file = "pandas-1.1.4-cp39-cp39-macosx_10_9_x86_64.whl", hash = "sha256:112c5ba0f9ea0f60b2cc38c25f87ca1d5ca10f71efbee8e0f1bee9cf584ed5d5"},
    {file = "pandas-1.1.4-cp39-cp39-manylinux1_i686.whl", hash = "sha256:cf135a08f306ebbcfea6da8bf775217613917be23e5074c69215b91e180caab4"},
    {file = "pandas-1.1.4-cp39-cp39-manylinux1_x86_64.whl", hash = "sha256:b1f8111635700de7ac350b639e7e452b06fc541a328cf6193cf8fc638804bab8"},
    {file = "pandas-1.1.4-cp39-cp39-win32.whl", hash = "sha256:09e0503758ad61afe81c9069505f8cb8c1e36ea8cc1e6826a95823ef5b327daf"},
    {file = "pandas-1.1.4-cp39-cp39-win_amd64.whl", hash = "sha256:0a11a6290ef3667575cbd4785a1b62d658c25a2fd70a5adedba32e156a8f1773"},
    {file = "pandas-1.1.4.tar.gz", hash = "sha256:a979d0404b135c63954dea79e6246c45dd45371a88631cdbb4877d844e6de3b6"},
]
patsy = [
    {file = "patsy-0.5.1-py2.py3-none-any.whl", hash = "sha256:5465be1c0e670c3a965355ec09e9a502bf2c4cbe4875e8528b0221190a8a5d40"},
    {file = "patsy-0.5.1.tar.gz", hash = "sha256:f115cec4201e1465cd58b9866b0b0e7b941caafec129869057405bfe5b5e3991"},
]
pyqt5 = [
    {file = "PyQt5-5.15.1-5.15.1-cp35.cp36.cp37.cp38.cp39-abi3-macosx_10_13_intel.whl", hash = "sha256:b9e7cc3ec69f80834f3f7507478c77e4d42411d5e9e557350e61b2660d12abc2"},
    {file = "PyQt5-5.15.1-5.15.1-cp35.cp36.cp37.cp38.cp39-abi3-manylinux2014_x86_64.whl", hash = "sha256:b1ea7e82004dc7b311d1e29df2f276461016e2d180e10c73805ace4376125ed9"},
    {file = "PyQt5-5.15.1-5.15.1-cp35.cp36.cp37.cp38.cp39-none-win32.whl", hash = "sha256:4e47021c2b8e89a3bc64247dfb224144e5c8d77e3ab44f3842d120aab6b3cbd4"},
    {file = "PyQt5-5.15.1-5.15.1-cp35.cp36.cp37.cp38.cp39-none-win_amd64.whl", hash = "sha256:17a6d5258796bae16e447aa3efa00258425c09cf88ef68238762628a5dde7c6f"},
    {file = "PyQt5-5.15.1.tar.gz", hash = "sha256:d9a76b850246d08da9863189ecb98f6c2aa9b4d97a3e85e29330a264aed0f9a1"},
]
pyqt5-sip = [
    {file = "PyQt5_sip-12.8.1-cp35-cp35m-macosx_10_6_intel.whl", hash = "sha256:bb5a87b66fc1445915104ee97f7a20a69decb42f52803e3b0795fa17ff88226c"},
    {file = "PyQt5_sip-12.8.1-cp35-cp35m-manylinux1_x86_64.whl", hash = "sha256:a29e2ac399429d3b7738f73e9081e50783e61ac5d29344e0802d0dcd6056c5a2"},
    {file = "PyQt5_sip-12.8.1-cp35-cp35m-win32.whl", hash = "sha256:0304ca9114b9817a270f67f421355075b78ff9fc25ac58ffd72c2601109d2194"},
    {file = "PyQt5_sip-12.8.1-cp35-cp35m-win_amd64.whl", hash = "sha256:84ba7746762bd223bed22428e8561aa267a229c28344c2d28c5d5d3f8970cffb"},
    {file = "PyQt5_sip-12.8.1-cp36-cp36m-macosx_10_6_intel.whl", hash = "sha256:7b81382ce188d63890a0e35abe0f9bb946cabc873a31873b73583b0fc84ac115"},
    {file = "PyQt5_sip-12.8.1-cp36-cp36m-manylinux1_x86_64.whl", hash = "sha256:b6d42250baec52a5f77de64e2951d001c5501c3a2df2179f625b241cbaec3369"},
    {file = "PyQt5_sip-12.8.1-cp36-cp36m-win32.whl", hash = "sha256:6c1ebee60f1d2b3c70aff866b7933d8d8d7646011f7c32f9321ee88c290aa4f9"},
    {file = "PyQt5_sip-12.8.1-cp36-cp36m-win_amd64.whl", hash = "sha256:34dcd29be47553d5f016ff86e89e24cbc5eebae92eb2f96fb32d2d7ba028c43c"},
    {file = "PyQt5_sip-12.8.1-cp37-cp37m-macosx_10_9_x86_64.whl", hash = "sha256:ed897c58acf4a3cdca61469daa31fe6e44c33c6c06a37c3f21fab31780b3b86a"},
    {file = "PyQt5_sip-12.8.1-cp37-cp37m-manylinux1_x86_64.whl", hash = "sha256:a1b8ef013086e224b8e86c93f880f776d01b59195bdfa2a8e0b23f0480678fec"},
    {file = "PyQt5_sip-12.8.1-cp37-cp37m-win32.whl", hash = "sha256:0cd969be528c27bbd4755bd323dff4a79a8fdda28215364e6ce3e069cb56c2a9"},
    {file = "PyQt5_sip-12.8.1-cp37-cp37m-win_amd64.whl", hash = "sha256:c9800729badcb247765e4ffe2241549d02da1fa435b9db224845bc37c3e99cb0"},
    {file = "PyQt5_sip-12.8.1-cp38-cp38-macosx_10_9_x86_64.whl", hash = "sha256:9312ec47cac4e33c11503bc1cbeeb0bdae619620472f38e2078c5a51020a930f"},
    {file = "PyQt5_sip-12.8.1-cp38-cp38-manylinux1_x86_64.whl", hash = "sha256:2f35e82fd7ec1e1f6716e9154721c7594956a4f5bd4f826d8c6a6453833cc2f0"},
    {file = "PyQt5_sip-12.8.1-cp38-cp38-win32.whl", hash = "sha256:da9c9f1e65b9d09e73bd75befc82961b6b61b5a3b9d0a7c832168e1415f163c6"},
    {file = "PyQt5_sip-12.8.1-cp38-cp38-win_amd64.whl", hash = "sha256:832fd60a264de4134c2824d393320838f3ab648180c9c357ec58a74524d24507"},
    {file = "PyQt5_sip-12.8.1-cp39-cp39-macosx_10_9_x86_64.whl", hash = "sha256:c317ab1263e6417c498b81f5c970a9b1af7acefab1f80b4cc0f2f8e661f29fc5"},
    {file = "PyQt5_sip-12.8.1-cp39-cp39-manylinux1_x86_64.whl", hash = "sha256:c9d6d448c29dc6606bb7974696608f81f4316c8234f7c7216396ed110075e777"},
    {file = "PyQt5_sip-12.8.1-cp39-cp39-win32.whl", hash = "sha256:5a011aeff89660622a6d5c3388d55a9d76932f3b82c95e82fc31abd8b1d2990d"},
    {file = "PyQt5_sip-12.8.1-cp39-cp39-win_amd64.whl", hash = "sha256:f168f0a7f32b81bfeffdf003c36f25d81c97dee5eb67072a5183e761fe250f13"},
    {file = "PyQt5_sip-12.8.1.tar.gz", hash = "sha256:30e944db9abee9cc757aea16906d4198129558533eb7fadbe48c5da2bd18e0bd"},
]
pyqt5-stubs = [
    {file = "PyQt5-stubs-5.14.2.2.tar.gz", hash = "sha256:b1a84b12bbeed74d95cc7fb4fd2df0a6711bd43e9a2651e552c83930c7b81638"},
]
pyqtgraph = [
    {file = "pyqtgraph-0.11.0-py2-none-any.whl", hash = "sha256:f3ad018f18eb1c7a745d063a1050e743960c987d640466728b385c9ac066fc08"},
    {file = "pyqtgraph-0.11.0-py3-none-any.whl", hash = "sha256:234d78f266d7c44d80e3bb735043e102d446842ef12e60f62f157f1fa5146411"},
    {file = "pyqtgraph-0.11.0.tar.gz", hash = "sha256:ca0a6715882579c46c80df18d9b260a09fce0e086521bfb6fc1f4027f938b35c"},
]
python-dateutil = [
    {file = "python-dateutil-2.8.1.tar.gz", hash = "sha256:73ebfe9dbf22e832286dafa60473e4cd239f8592f699aa5adaf10050e6e1823c"},
    {file = "python_dateutil-2.8.1-py2.py3-none-any.whl", hash = "sha256:75bb3f31ea686f1197762692a9ee6a7550b59fc6ca3a1f4b5d7e32fb98e2da2a"},
]
pytz = [
    {file = "pytz-2020.4-py2.py3-none-any.whl", hash = "sha256:5c55e189b682d420be27c6995ba6edce0c0a77dd67bfbe2ae6607134d5851ffd"},
    {file = "pytz-2020.4.tar.gz", hash = "sha256:3e6b7dd2d1e0a59084bcee14a17af60c5c562cdc16d828e8eba2e683d3a7e268"},
]
scipy = [
    {file = "scipy-1.5.4-cp36-cp36m-macosx_10_9_x86_64.whl", hash = "sha256:4f12d13ffbc16e988fa40809cbbd7a8b45bc05ff6ea0ba8e3e41f6f4db3a9e47"},
    {file = "scipy-1.5.4-cp36-cp36m-manylinux1_i686.whl", hash = "sha256:a254b98dbcc744c723a838c03b74a8a34c0558c9ac5c86d5561703362231107d"},
    {file = "scipy-1.5.4-cp36-cp36m-manylinux1_x86_64.whl", hash = "sha256:368c0f69f93186309e1b4beb8e26d51dd6f5010b79264c0f1e9ca00cd92ea8c9"},
    {file = "scipy-1.5.4-cp36-cp36m-manylinux2014_aarch64.whl", hash = "sha256:4598cf03136067000855d6b44d7a1f4f46994164bcd450fb2c3d481afc25dd06"},
    {file = "scipy-1.5.4-cp36-cp36m-win32.whl", hash = "sha256:e98d49a5717369d8241d6cf33ecb0ca72deee392414118198a8e5b4c35c56340"},
    {file = "scipy-1.5.4-cp36-cp36m-win_amd64.whl", hash = "sha256:65923bc3809524e46fb7eb4d6346552cbb6a1ffc41be748535aa502a2e3d3389"},
    {file = "scipy-1.5.4-cp37-cp37m-macosx_10_9_x86_64.whl", hash = "sha256:9ad4fcddcbf5dc67619379782e6aeef41218a79e17979aaed01ed099876c0e62"},
    {file = "scipy-1.5.4-cp37-cp37m-manylinux1_i686.whl", hash = "sha256:f87b39f4d69cf7d7529d7b1098cb712033b17ea7714aed831b95628f483fd012"},
    {file = "scipy-1.5.4-cp37-cp37m-manylinux1_x86_64.whl", hash = "sha256:25b241034215247481f53355e05f9e25462682b13bd9191359075682adcd9554"},
    {file = "scipy-1.5.4-cp37-cp37m-manylinux2014_aarch64.whl", hash = "sha256:fa789583fc94a7689b45834453fec095245c7e69c58561dc159b5d5277057e4c"},
    {file = "scipy-1.5.4-cp37-cp37m-win32.whl", hash = "sha256:d6d25c41a009e3c6b7e757338948d0076ee1dd1770d1c09ec131f11946883c54"},
    {file = "scipy-1.5.4-cp37-cp37m-win_amd64.whl", hash = "sha256:2c872de0c69ed20fb1a9b9cf6f77298b04a26f0b8720a5457be08be254366c6e"},
    {file = "scipy-1.5.4-cp38-cp38-macosx_10_9_x86_64.whl", hash = "sha256:e360cb2299028d0b0d0f65a5c5e51fc16a335f1603aa2357c25766c8dab56938"},
    {file = "scipy-1.5.4-cp38-cp38-manylinux1_i686.whl", hash = "sha256:3397c129b479846d7eaa18f999369a24322d008fac0782e7828fa567358c36ce"},
    {file = "scipy-1.5.4-cp38-cp38-manylinux1_x86_64.whl", hash = "sha256:168c45c0c32e23f613db7c9e4e780bc61982d71dcd406ead746c7c7c2f2004ce"},
    {file = "scipy-1.5.4-cp38-cp38-manylinux2014_aarch64.whl", hash = "sha256:213bc59191da2f479984ad4ec39406bf949a99aba70e9237b916ce7547b6ef42"},
    {file = "scipy-1.5.4-cp38-cp38-win32.whl", hash = "sha256:634568a3018bc16a83cda28d4f7aed0d803dd5618facb36e977e53b2df868443"},
    {file = "scipy-1.5.4-cp38-cp38-win_amd64.whl", hash = "sha256:b03c4338d6d3d299e8ca494194c0ae4f611548da59e3c038813f1a43976cb437"},
    {file = "scipy-1.5.4-cp39-cp39-macosx_10_9_x86_64.whl", hash = "sha256:3d5db5d815370c28d938cf9b0809dade4acf7aba57eaf7ef733bfedc9b2474c4"},
    {file = "scipy-1.5.4-cp39-cp39-manylinux1_i686.whl", hash = "sha256:6b0ceb23560f46dd236a8ad4378fc40bad1783e997604ba845e131d6c680963e"},
    {file = "scipy-1.5.4-cp39-cp39-manylinux1_x86_64.whl", hash = "sha256:ed572470af2438b526ea574ff8f05e7f39b44ac37f712105e57fc4d53a6fb660"},
    {file = "scipy-1.5.4-cp39-cp39-manylinux2014_aarch64.whl", hash = "sha256:8c8d6ca19c8497344b810b0b0344f8375af5f6bb9c98bd42e33f747417ab3f57"},
    {file = "scipy-1.5.4-cp39-cp39-win32.whl", hash = "sha256:d84cadd7d7998433334c99fa55bcba0d8b4aeff0edb123b2a1dfcface538e474"},
    {file = "scipy-1.5.4-cp39-cp39-win_amd64.whl", hash = "sha256:cc1f78ebc982cd0602c9a7615d878396bec94908db67d4ecddca864d049112f2"},
    {file = "scipy-1.5.4.tar.gz", hash = "sha256:4a453d5e5689de62e5d38edf40af3f17560bfd63c9c5bd228c18c1f99afa155b"},
]
six = [
    {file = "six-1.15.0-py2.py3-none-any.whl", hash = "sha256:8b74bedcbbbaca38ff6d7491d76f2b06b3592611af620f8426e82dddb04a5ced"},
    {file = "six-1.15.0.tar.gz", hash = "sha256:30639c035cdb23534cd4aa2dd52c3bf48f06e5f4a941509c8bafd8ce11080259"},
]
statsmodels = [
    {file = "statsmodels-0.12.1-cp36-cp36m-macosx_10_13_x86_64.whl", hash = "sha256:3b482ab9759b89cc1c4777b71c1ccf272e868a7551fc6b74da300557407d8379"},
    {file = "statsmodels-0.12.1-cp36-cp36m-manylinux1_i686.whl", hash = "sha256:33c6cbed74f075b8816cec37e5c7853ed31dcacebfdbbc3af898b4907911544e"},
    {file = "statsmodels-0.12.1-cp36-cp36m-manylinux1_x86_64.whl", hash = "sha256:142eacd5a1bd8728358ff48101ee0e51ca3d42a93f6e5cb61fcfacf613977bcf"},
    {file = "statsmodels-0.12.1-cp36-none-win32.whl", hash = "sha256:ef3a54b3594f4c49c295388de1fdd840a8c63a857a5252125aaf92a03ea1e3a6"},
    {file = "statsmodels-0.12.1-cp36-none-win_amd64.whl", hash = "sha256:830d59d94841332429edf735430180031ad5dc660de26728d723e347f414c59d"},
    {file = "statsmodels-0.12.1-cp37-cp37m-macosx_10_13_x86_64.whl", hash = "sha256:aa964ca1d65f066b9b096c94fe298aab1441e11731ce6b154ffb5f8d4a4e9ccf"},
    {file = "statsmodels-0.12.1-cp37-cp37m-manylinux1_i686.whl", hash = "sha256:7614ef58ebb96cc0d4c45150116f5252a2f1e0bd15e809700776163e5a246b8c"},
    {file = "statsmodels-0.12.1-cp37-cp37m-manylinux1_x86_64.whl", hash = "sha256:588c0f7e29403161ca952dcdad3d67970583742e9f11f66c7c5b08ac97a0408c"},
    {file = "statsmodels-0.12.1-cp37-none-win32.whl", hash = "sha256:7be4c6d43f1f3a6b28614a4b18fdcf202bd305faf15f4c558e901cbe099ca9ea"},
    {file = "statsmodels-0.12.1-cp37-none-win_amd64.whl", hash = "sha256:e5e426fb962f41d58a07a7d2f7daf32f83e911ff578368caddbcdd1886887ed1"},
    {file = "statsmodels-0.12.1-cp38-cp38-macosx_10_13_x86_64.whl", hash = "sha256:3582c0a497a9cda473470b4dd59ecd103739e3cfef1eb2e20d48dd1a2239f2e4"},
    {file = "statsmodels-0.12.1-cp38-cp38-manylinux1_x86_64.whl", hash = "sha256:02679bf39d35a2aceb2d9f6d332b4e1cda1797157df792fe867b45f2a14d20d3"},
    {file = "statsmodels-0.12.1-cp38-none-win32.whl", hash = "sha256:a652d8bfb4ec430b706a69e3fcbdac1cdf930823e3f9b8468e3e179d47097bbb"},
    {file = "statsmodels-0.12.1-cp38-none-win_amd64.whl", hash = "sha256:74c6c863d6f8a1f021d42f965b1b97eeea05293d3b18e3690c46eac0cf6d64d9"},
    {file = "statsmodels-0.12.1.tar.gz", hash = "sha256:a271b4ccec190148dccda25f0cbdcbf871f408fc1394a10a7dc1af4a62b91c8e"},
]
termcolor = [
    {file = "termcolor-1.1.0.tar.gz", hash = "sha256:1d6d69ce66211143803fbc56652b41d73b4a400a2891d7bf7a1cdf4c02de613b"},
]
